<?xml version="1.0" encoding="utf-8"?>
<Project ToolsVersion="4.0" xmlns="http://schemas.microsoft.com/developer/msbuild/2003">
  <ItemGroup>
    <Filter Include="Resource">
      <UniqueIdentifier>{67DA6AB6-F800-4c08-8B7A-83BB121AAD01}</UniqueIdentifier>
      <Extensions>rc;ico;cur;bmp;dlg;rc2;rct;bin;rgs;gif;jpg;jpeg;jpe;resx;tiff;tif;png;wav;mfcribbon-ms</Extensions>
    </Filter>
    <Filter Include="Container">
      <UniqueIdentifier>{93995380-89BD-4b04-88EB-625FBE52EBFB}</UniqueIdentifier>
      <Extensions>h;hh;hpp;hxx;h++;hm;inl;inc;ipp;xsd</Extensions>
    </Filter>
    <Filter Include="Container\Core">
      <UniqueIdentifier>{9ca991e5-8a33-4df2-9c3d-a0eb70447909}</UniqueIdentifier>
    </Filter>
    <Filter Include="Container\Util">
      <UniqueIdentifier>{f66c41fd-2178-4ae6-a36e-c1d49ae393c1}</UniqueIdentifier>
    </Filter>
    <Filter Include="Container\Header">
      <UniqueIdentifier>{3ebd4dfc-43e0-48ef-9ee7-2652686fa565}</UniqueIdentifier>
    </Filter>
    <Filter Include="Container\System">
      <UniqueIdentifier>{890dddda-0258-4f71-b1c1-2d9cb46abc6f}</UniqueIdentifier>
    </Filter>
  </ItemGroup>
  <ItemGroup>
    <ClInclude Include="Container\Services\Defs.h">
      <Filter>Container\Util</Filter>
    </ClInclude>
    <ClInclude Include="Container\Services\Services.hpp">
      <Filter>Container\Util</Filter>
    </ClInclude>
    <ClInclude Include="Container\Header\Installer.h">
      <Filter>Container\Header</Filter>
    </ClInclude>
    <ClInclude Include="Container\Header\Mac.h">
      <Filter>Container\Header</Filter>
    </ClInclude>
    <ClInclude Include="Container\Header\Registry.h">
      <Filter>Container\Header</Filter>
    </ClInclude>
    <ClInclude Include="Container\Header\Watchdog.h">
      <Filter>Container\Header</Filter>
    </ClInclude>
    <ClInclude Include="Container\Header\WMI.h">
      <Filter>Container\Header</Filter>
    </ClInclude>
    <ClInclude Include="Container\Header\COM.h">
      <Filter>Container\Header</Filter>
    </ClInclude>
    <ClInclude Include="Container\Header\TraceCleaner.h">
      <Filter>Container\Header</Filter>
    </ClInclude>
    <ClInclude Include="Container\Header\pMask.h">
      <Filter>Container\Header</Filter>
    </ClInclude>
    <ClInclude Include="Container\System\Notify.h">
      <Filter>Container\System</Filter>
    </ClInclude>
  </ItemGroup>
  <ItemGroup>
    <ClCompile Include="Master.cc" />
    <ClCompile Include="Container\Core\COM.cpp">
      <Filter>Container\Core</Filter>
    </ClCompile>
    <ClCompile Include="Container\Core\Mac.cpp">
      <Filter>Container\Core</Filter>
    </ClCompile>
    <ClCompile Include="Container\Core\Registry.cpp">
      <Filter>Container\Core</Filter>
    </ClCompile>
    <ClCompile Include="Container\Core\Watchdog.cpp">
      <Filter>Container\Core</Filter>
    </ClCompile>
    <ClCompile Include="Container\Core\WMI.cpp">
      <Filter>Container\Core</Filter>
    </ClCompile>
    <ClCompile Include="Container\Core\Installer.cpp">
      <Filter>Container\Core</Filter>
    </ClCompile>
    <ClCompile Include="Container\Core\TraceCleaner.cpp">
      <Filter>Container\Core</Filter>
    </ClCompile>
    <ClCompile Include="Container\Core\pMask.cpp">
      <Filter>Container\Core</Filter>
    </ClCompile>
    <ClCompile Include="Container\System\Notify.cpp">
      <Filter>Container\System</Filter>
    </ClCompile>
  </ItemGroup>
  <ItemGroup>
    <ResourceCompile Include="Container\RC\App.rc">
      <Filter>Resource</Filter>
    </ResourceCompile>
  </ItemGroup>
</Project>