<?xml version="1.0" encoding="utf-8"?>
<Project ToolsVersion="4.0" xmlns="http://schemas.microsoft.com/developer/msbuild/2003">
  <ItemGroup>
    <Filter Include="Core">
      <UniqueIdentifier>{4FC737F1-C7A5-4376-A066-2A32D752A2FF}</UniqueIdentifier>
      <Extensions>cpp;c;cc;cxx;c++;cppm;ixx;def;odl;idl;hpj;bat;asm;asmx</Extensions>
    </Filter>
    <Filter Include="Header">
      <UniqueIdentifier>{05e55eb8-5810-4925-9970-4457794253e7}</UniqueIdentifier>
    </Filter>
    <Filter Include="Util">
      <UniqueIdentifier>{47ef0c05-673d-46d4-87cc-49d75452d161}</UniqueIdentifier>
    </Filter>
  </ItemGroup>
  <ItemGroup>
    <ClCompile Include="DLLmain.cpp" />
    <ClCompile Include="..\Container\Core\COM.cpp">
      <Filter>Core</Filter>
    </ClCompile>
    <ClCompile Include="..\Container\Core\Installer.cpp">
      <Filter>Core</Filter>
    </ClCompile>
    <ClCompile Include="..\Container\Core\Mac.cpp">
      <Filter>Core</Filter>
    </ClCompile>
    <ClCompile Include="..\Container\Core\Registry.cpp">
      <Filter>Core</Filter>
    </ClCompile>
    <ClCompile Include="..\Container\Core\TraceCleaner.cpp">
      <Filter>Core</Filter>
    </ClCompile>
    <ClCompile Include="..\Container\Core\Watchdog.cpp">
      <Filter>Core</Filter>
    </ClCompile>
    <ClCompile Include="..\Container\Core\WMI.cpp">
      <Filter>Core</Filter>
    </ClCompile>
  </ItemGroup>
  <ItemGroup>
    <ResourceCompile Include=".RC">
      <Filter>Core</Filter>
    </ResourceCompile>
  </ItemGroup>
  <ItemGroup>
    <ClInclude Include="..\Container\Header\COM.h">
      <Filter>Header</Filter>
    </ClInclude>
    <ClInclude Include="..\Container\Header\Installer.h">
      <Filter>Header</Filter>
    </ClInclude>
    <ClInclude Include="..\Container\Header\Mac.h">
      <Filter>Header</Filter>
    </ClInclude>
    <ClInclude Include="..\Container\Header\Notify.h">
      <Filter>Header</Filter>
    </ClInclude>
    <ClInclude Include="..\Container\Header\Registry.h">
      <Filter>Header</Filter>
    </ClInclude>
    <ClInclude Include="..\Container\Header\TraceCleaner.h">
      <Filter>Header</Filter>
    </ClInclude>
    <ClInclude Include="..\Container\Header\Watchdog.h">
      <Filter>Header</Filter>
    </ClInclude>
    <ClInclude Include="..\Container\Header\WMI.h">
      <Filter>Header</Filter>
    </ClInclude>
    <ClInclude Include="..\Container\Services\Defs.h">
      <Filter>Util</Filter>
    </ClInclude>
    <ClInclude Include="..\Container\Services\Services.hpp">
      <Filter>Util</Filter>
    </ClInclude>
  </ItemGroup>
</Project>